
Microsoft Visual Studio Solution File, Format Version 12.00
# Visual Studio Version 17
VisualStudioVersion = 17.1.32414.318
MinimumVisualStudioVersion = 10.0.40219.1
Project("{FAE04EC0-301F-11D3-BF4B-00C04F79EFBC}") = "KutuphaneYonetimSistemi", "KutuphaneYonetimSistemi\KutuphaneYonetimSistemi.csproj", "{0A7C2F17-CF31-4E3E-B118-0C8082F0C717}"
EndProject
Global
	GlobalSection(SolutionConfigurationPlatforms) = preSolution
		Debug|Any CPU = Debug|Any CPU
		Release|Any CPU = Release|Any CPU
	EndGlobalSection
	GlobalSection(ProjectConfigurationPlatforms) = postSolution
		{0A7C2F17-CF31-4E3E-B118-0C8082F0C717}.Debug|Any CPU.ActiveCfg = Debug|Any CPU
		{0A7C2F17-CF31-4E3E-B118-0C8082F0C717}.Debug|Any CPU.Build.0 = Debug|Any CPU
		{0A7C2F17-CF31-4E3E-B118-0C8082F0C717}.Release|Any CPU.ActiveCfg = Release|Any CPU
		{0A7C2F17-CF31-4E3E-B118-0C8082F0C717}.Release|Any CPU.Build.0 = Release|Any CPU
	EndGlobalSection
	GlobalSection(SolutionProperties) = preSolution
		HideSolutionNode = FALSE
	EndGlobalSection
	GlobalSection(ExtensibilityGlobals) = postSolution
		SolutionGuid = {B32F6200-8D77-473E-965A-3D233D360814}
	EndGlobalSection
EndGlobal
